// !$*UTF8*$!
{
	archiveVersion = 1;
	classes = {
	};
	objectVersion = 46;
	objects = {

/* Begin PBXBuildFile section */
		7916B2BED20747058548FBF8 /* Pods_Smack.framework in Frameworks */ = {isa = PBXBuildFile; fileRef = 120308680E85B28906AC0D8B /* Pods_Smack.framework */; };
		B4D805E21F76814600940A0A /* AppDelegate.swift in Sources */ = {isa = PBXBuildFile; fileRef = B4D805E11F76814600940A0A /* AppDelegate.swift */; };
		B4D805E71F76814600940A0A /* Main.storyboard in Resources */ = {isa = PBXBuildFile; fileRef = B4D805E51F76814600940A0A /* Main.storyboard */; };
		B4D805E91F76814600940A0A /* Assets.xcassets in Resources */ = {isa = PBXBuildFile; fileRef = B4D805E81F76814600940A0A /* Assets.xcassets */; };
		B4D805EC1F76814600940A0A /* LaunchScreen.storyboard in Resources */ = {isa = PBXBuildFile; fileRef = B4D805EA1F76814600940A0A /* LaunchScreen.storyboard */; };
		B4D805F71F768DB900940A0A /* SWRevealViewController.m in Sources */ = {isa = PBXBuildFile; fileRef = B4D805F61F768DB900940A0A /* SWRevealViewController.m */; };
		B4D805FC1F76903500940A0A /* ChatVC.swift in Sources */ = {isa = PBXBuildFile; fileRef = B4D805FB1F76903500940A0A /* ChatVC.swift */; };
		B4D805FE1F76904800940A0A /* ChannelVC.swift in Sources */ = {isa = PBXBuildFile; fileRef = B4D805FD1F76904800940A0A /* ChannelVC.swift */; };
		B4D806001F76977300940A0A /* GradientView.swift in Sources */ = {isa = PBXBuildFile; fileRef = B4D805FF1F76977300940A0A /* GradientView.swift */; };
		B4D806031F76A23700940A0A /* Constant.swift in Sources */ = {isa = PBXBuildFile; fileRef = B4D806021F76A23700940A0A /* Constant.swift */; };
		B4D806051F76A7D400940A0A /* LoginVC.swift in Sources */ = {isa = PBXBuildFile; fileRef = B4D806041F76A7D400940A0A /* LoginVC.swift */; };
/* End PBXBuildFile section */

/* Begin PBXFileReference section */
		04ACDE7CFD0579713053172F /* Pods-Smack.debug.xcconfig */ = {isa = PBXFileReference; includeInIndex = 1; lastKnownFileType = text.xcconfig; name = "Pods-Smack.debug.xcconfig"; path = "Pods/Target Support Files/Pods-Smack/Pods-Smack.debug.xcconfig"; sourceTree = "<group>"; };
		120308680E85B28906AC0D8B /* Pods_Smack.framework */ = {isa = PBXFileReference; explicitFileType = wrapper.framework; includeInIndex = 0; path = Pods_Smack.framework; sourceTree = BUILT_PRODUCTS_DIR; };
		1CA63C413141F1820E5F9151 /* Pods-Smack.release.xcconfig */ = {isa = PBXFileReference; includeInIndex = 1; lastKnownFileType = text.xcconfig; name = "Pods-Smack.release.xcconfig"; path = "Pods/Target Support Files/Pods-Smack/Pods-Smack.release.xcconfig"; sourceTree = "<group>"; };
		B4D805DE1F76814600940A0A /* Smack.app */ = {isa = PBXFileReference; explicitFileType = wrapper.application; includeInIndex = 0; path = Smack.app; sourceTree = BUILT_PRODUCTS_DIR; };
		B4D805E11F76814600940A0A /* AppDelegate.swift */ = {isa = PBXFileReference; lastKnownFileType = sourcecode.swift; path = AppDelegate.swift; sourceTree = "<group>"; };
		B4D805E61F76814600940A0A /* Base */ = {isa = PBXFileReference; lastKnownFileType = file.storyboard; name = Base; path = Base.lproj/Main.storyboard; sourceTree = "<group>"; };
		B4D805E81F76814600940A0A /* Assets.xcassets */ = {isa = PBXFileReference; lastKnownFileType = folder.assetcatalog; path = Assets.xcassets; sourceTree = "<group>"; };
		B4D805EB1F76814600940A0A /* Base */ = {isa = PBXFileReference; lastKnownFileType = file.storyboard; name = Base; path = Base.lproj/LaunchScreen.storyboard; sourceTree = "<group>"; };
		B4D805ED1F76814600940A0A /* Info.plist */ = {isa = PBXFileReference; lastKnownFileType = text.plist.xml; path = Info.plist; sourceTree = "<group>"; };
		B4D805F41F768DB800940A0A /* Smack-Bridging-Header.h */ = {isa = PBXFileReference; lastKnownFileType = sourcecode.c.h; path = "Smack-Bridging-Header.h"; sourceTree = "<group>"; };
		B4D805F51F768DB900940A0A /* SWRevealViewController.h */ = {isa = PBXFileReference; fileEncoding = 4; lastKnownFileType = sourcecode.c.h; path = SWRevealViewController.h; sourceTree = "<group>"; };
		B4D805F61F768DB900940A0A /* SWRevealViewController.m */ = {isa = PBXFileReference; fileEncoding = 4; lastKnownFileType = sourcecode.c.objc; path = SWRevealViewController.m; sourceTree = "<group>"; };
		B4D805FB1F76903500940A0A /* ChatVC.swift */ = {isa = PBXFileReference; fileEncoding = 4; lastKnownFileType = sourcecode.swift; path = ChatVC.swift; sourceTree = "<group>"; };
		B4D805FD1F76904800940A0A /* ChannelVC.swift */ = {isa = PBXFileReference; fileEncoding = 4; lastKnownFileType = sourcecode.swift; path = ChannelVC.swift; sourceTree = "<group>"; };
		B4D805FF1F76977300940A0A /* GradientView.swift */ = {isa = PBXFileReference; fileEncoding = 4; lastKnownFileType = sourcecode.swift; path = GradientView.swift; sourceTree = "<group>"; };
		B4D806021F76A23700940A0A /* Constant.swift */ = {isa = PBXFileReference; fileEncoding = 4; lastKnownFileType = sourcecode.swift; path = Constant.swift; sourceTree = "<group>"; };
		B4D806041F76A7D400940A0A /* LoginVC.swift */ = {isa = PBXFileReference; fileEncoding = 4; lastKnownFileType = sourcecode.swift; path = LoginVC.swift; sourceTree = "<group>"; };
/* End PBXFileReference section */

/* Begin PBXFrameworksBuildPhase section */
		B4D805DB1F76814600940A0A /* Frameworks */ = {
			isa = PBXFrameworksBuildPhase;
			buildActionMask = 2147483647;
			files = (
				7916B2BED20747058548FBF8 /* Pods_Smack.framework in Frameworks */,
			);
			runOnlyForDeploymentPostprocessing = 0;
		};
/* End PBXFrameworksBuildPhase section */

/* Begin PBXGroup section */
		20FFDB88482C6C61962C2F36 /* Frameworks */ = {
			isa = PBXGroup;
			children = (
				120308680E85B28906AC0D8B /* Pods_Smack.framework */,
			);
			name = Frameworks;
			sourceTree = "<group>";
		};
		B4D805D51F76814600940A0A = {
			isa = PBXGroup;
			children = (
				B4D805F31F768D8300940A0A /* Supporting Files */,
				B4D805E01F76814600940A0A /* Smack */,
				B4D805DF1F76814600940A0A /* Products */,
				F08AFFB4C8655BDE73719D7E /* Pods */,
				20FFDB88482C6C61962C2F36 /* Frameworks */,
			);
			sourceTree = "<group>";
		};
		B4D805DF1F76814600940A0A /* Products */ = {
			isa = PBXGroup;
			children = (
				B4D805DE1F76814600940A0A /* Smack.app */,
			);
			name = Products;
			sourceTree = "<group>";
		};
		B4D805E01F76814600940A0A /* Smack */ = {
			isa = PBXGroup;
			children = (
				B4D806011F76A21F00940A0A /* Utilites */,
				B4D805FA1F76901500940A0A /* Model */,
				B4D805F91F76901000940A0A /* View */,
				B4D805F81F76900200940A0A /* Controller */,
				B4D805E11F76814600940A0A /* AppDelegate.swift */,
				B4D805E51F76814600940A0A /* Main.storyboard */,
				B4D805E81F76814600940A0A /* Assets.xcassets */,
				B4D805EA1F76814600940A0A /* LaunchScreen.storyboard */,
				B4D805ED1F76814600940A0A /* Info.plist */,
			);
			path = Smack;
			sourceTree = "<group>";
		};
		B4D805F31F768D8300940A0A /* Supporting Files */ = {
			isa = PBXGroup;
			children = (
				B4D805F51F768DB900940A0A /* SWRevealViewController.h */,
				B4D805F61F768DB900940A0A /* SWRevealViewController.m */,
				B4D805F41F768DB800940A0A /* Smack-Bridging-Header.h */,
			);
			name = "Supporting Files";
			sourceTree = "<group>";
		};
		B4D805F81F76900200940A0A /* Controller */ = {
			isa = PBXGroup;
			children = (
				B4D805FB1F76903500940A0A /* ChatVC.swift */,
				B4D805FD1F76904800940A0A /* ChannelVC.swift */,
				B4D806041F76A7D400940A0A /* LoginVC.swift */,
			);
			name = Controller;
			sourceTree = "<group>";
		};
		B4D805F91F76901000940A0A /* View */ = {
			isa = PBXGroup;
			children = (
				B4D805FF1F76977300940A0A /* GradientView.swift */,
			);
			name = View;
			sourceTree = "<group>";
		};
		B4D805FA1F76901500940A0A /* Model */ = {
			isa = PBXGroup;
			children = (
			);
			name = Model;
			sourceTree = "<group>";
		};
		B4D806011F76A21F00940A0A /* Utilites */ = {
			isa = PBXGroup;
			children = (
				B4D806021F76A23700940A0A /* Constant.swift */,
			);
			name = Utilites;
			sourceTree = "<group>";
		};
		F08AFFB4C8655BDE73719D7E /* Pods */ = {
			isa = PBXGroup;
			children = (
				04ACDE7CFD0579713053172F /* Pods-Smack.debug.xcconfig */,
				1CA63C413141F1820E5F9151 /* Pods-Smack.release.xcconfig */,
			);
			name = Pods;
			sourceTree = "<group>";
		};
/* End PBXGroup section */

/* Begin PBXNativeTarget section */
		B4D805DD1F76814600940A0A /* Smack */ = {
			isa = PBXNativeTarget;
			buildConfigurationList = B4D805F01F76814600940A0A /* Build configuration list for PBXNativeTarget "Smack" */;
			buildPhases = (
				EC43D1484704BAE6653100D3 /* [CP] Check Pods Manifest.lock */,
				B4D805DA1F76814600940A0A /* Sources */,
				B4D805DB1F76814600940A0A /* Frameworks */,
				B4D805DC1F76814600940A0A /* Resources */,
				663B2F58F557221B8AA83F83 /* [CP] Embed Pods Frameworks */,
				03621894725E61959E5BC8A8 /* [CP] Copy Pods Resources */,
			);
			buildRules = (
			);
			dependencies = (
			);
			name = Smack;
			productName = Smack;
			productReference = B4D805DE1F76814600940A0A /* Smack.app */;
			productType = "com.apple.product-type.application";
		};
/* End PBXNativeTarget section */

/* Begin PBXProject section */
		B4D805D61F76814600940A0A /* Project object */ = {
			isa = PBXProject;
			attributes = {
				LastSwiftUpdateCheck = 0830;
				LastUpgradeCheck = 0830;
				ORGANIZATIONNAME = "Tenzin Sean";
				TargetAttributes = {
					B4D805DD1F76814600940A0A = {
						CreatedOnToolsVersion = 8.3.3;
						DevelopmentTeam = PA79484YHS;
						LastSwiftMigration = 0830;
						ProvisioningStyle = Automatic;
					};
				};
			};
			buildConfigurationList = B4D805D91F76814600940A0A /* Build configuration list for PBXProject "Smack" */;
			compatibilityVersion = "Xcode 3.2";
			developmentRegion = English;
			hasScannedForEncodings = 0;
			knownRegions = (
				en,
				Base,
			);
			mainGroup = B4D805D51F76814600940A0A;
			productRefGroup = B4D805DF1F76814600940A0A /* Products */;
			projectDirPath = "";
			projectRoot = "";
			targets = (
				B4D805DD1F76814600940A0A /* Smack */,
			);
		};
/* End PBXProject section */

/* Begin PBXResourcesBuildPhase section */
		B4D805DC1F76814600940A0A /* Resources */ = {
			isa = PBXResourcesBuildPhase;
			buildActionMask = 2147483647;
			files = (
				B4D805EC1F76814600940A0A /* LaunchScreen.storyboard in Resources */,
				B4D805E91F76814600940A0A /* Assets.xcassets in Resources */,
				B4D805E71F76814600940A0A /* Main.storyboard in Resources */,
			);
			runOnlyForDeploymentPostprocessing = 0;
		};
/* End PBXResourcesBuildPhase section */

/* Begin PBXShellScriptBuildPhase section */
		03621894725E61959E5BC8A8 /* [CP] Copy Pods Resources */ = {
			isa = PBXShellScriptBuildPhase;
			buildActionMask = 2147483647;
			files = (
			);
			inputPaths = (
			);
			name = "[CP] Copy Pods Resources";
			outputPaths = (
			);
			runOnlyForDeploymentPostprocessing = 0;
			shellPath = /bin/sh;
			shellScript = "\"${SRCROOT}/Pods/Target Support Files/Pods-Smack/Pods-Smack-resources.sh\"\n";
			showEnvVarsInLog = 0;
		};
		663B2F58F557221B8AA83F83 /* [CP] Embed Pods Frameworks */ = {
			isa = PBXShellScriptBuildPhase;
			buildActionMask = 2147483647;
			files = (
			);
			inputPaths = (
			);
			name = "[CP] Embed Pods Frameworks";
			outputPaths = (
			);
			runOnlyForDeploymentPostprocessing = 0;
			shellPath = /bin/sh;
			shellScript = "\"${SRCROOT}/Pods/Target Support Files/Pods-Smack/Pods-Smack-frameworks.sh\"\n";
			showEnvVarsInLog = 0;
		};
		EC43D1484704BAE6653100D3 /* [CP] Check Pods Manifest.lock */ = {
			isa = PBXShellScriptBuildPhase;
			buildActionMask = 2147483647;
			files = (
			);
			inputPaths = (
			);
			name = "[CP] Check Pods Manifest.lock";
			outputPaths = (
			);
			runOnlyForDeploymentPostprocessing = 0;
			shellPath = /bin/sh;
			shellScript = "diff \"${PODS_ROOT}/../Podfile.lock\" \"${PODS_ROOT}/Manifest.lock\" > /dev/null\nif [ $? != 0 ] ; then\n    # print error to STDERR\n    echo \"error: The sandbox is not in sync with the Podfile.lock. Run 'pod install' or update your CocoaPods installation.\" >&2\n    exit 1\nfi\n";
			showEnvVarsInLog = 0;
		};
/* End PBXShellScriptBuildPhase section */

/* Begin PBXSourcesBuildPhase section */
		B4D805DA1F76814600940A0A /* Sources */ = {
			isa = PBXSourcesBuildPhase;
			buildActionMask = 2147483647;
			files = (
				B4D805FE1F76904800940A0A /* ChannelVC.swift in Sources */,
				B4D805FC1F76903500940A0A /* ChatVC.swift in Sources */,
				B4D806051F76A7D400940A0A /* LoginVC.swift in Sources */,
				B4D806001F76977300940A0A /* GradientView.swift in Sources */,
				B4D805E21F76814600940A0A /* AppDelegate.swift in Sources */,
				B4D805F71F768DB900940A0A /* SWRevealViewController.m in Sources */,
				B4D806031F76A23700940A0A /* Constant.swift in Sources */,
			);
			runOnlyForDeploymentPostprocessing = 0;
		};
/* End PBXSourcesBuildPhase section */

/* Begin PBXVariantGroup section */
		B4D805E51F76814600940A0A /* Main.storyboard */ = {
			isa = PBXVariantGroup;
			children = (
				B4D805E61F76814600940A0A /* Base */,
			);
			name = Main.storyboard;
			sourceTree = "<group>";
		};
		B4D805EA1F76814600940A0A /* LaunchScreen.storyboard */ = {
			isa = PBXVariantGroup;
			children = (
				B4D805EB1F76814600940A0A /* Base */,
			);
			name = LaunchScreen.storyboard;
			sourceTree = "<group>";
		};
/* End PBXVariantGroup section */

/* Begin XCBuildConfiguration section */
		B4D805EE1F76814600940A0A /* Debug */ = {
			isa = XCBuildConfiguration;
			buildSettings = {
				ALWAYS_SEARCH_USER_PATHS = NO;
				CLANG_ANALYZER_NONNULL = YES;
				CLANG_ANALYZER_NUMBER_OBJECT_CONVERSION = YES_AGGRESSIVE;
				CLANG_CXX_LANGUAGE_STANDARD = "gnu++0x";
				CLANG_CXX_LIBRARY = "libc++";
				CLANG_ENABLE_MODULES = YES;
				CLANG_ENABLE_OBJC_ARC = YES;
				CLANG_WARN_BOOL_CONVERSION = YES;
				CLANG_WARN_CONSTANT_CONVERSION = YES;
				CLANG_WARN_DIRECT_OBJC_ISA_USAGE = YES_ERROR;
				CLANG_WARN_DOCUMENTATION_COMMENTS = YES;
				CLANG_WARN_EMPTY_BODY = YES;
				CLANG_WARN_ENUM_CONVERSION = YES;
				CLANG_WARN_INFINITE_RECURSION = YES;
				CLANG_WARN_INT_CONVERSION = YES;
				CLANG_WARN_OBJC_ROOT_CLASS = YES_ERROR;
				CLANG_WARN_SUSPICIOUS_MOVE = YES;
				CLANG_WARN_UNREACHABLE_CODE = YES;
				CLANG_WARN__DUPLICATE_METHOD_MATCH = YES;
				"CODE_SIGN_IDENTITY[sdk=iphoneos*]" = "iPhone Developer";
				COPY_PHASE_STRIP = NO;
				DEBUG_INFORMATION_FORMAT = dwarf;
				ENABLE_STRICT_OBJC_MSGSEND = YES;
				ENABLE_TESTABILITY = YES;
				GCC_C_LANGUAGE_STANDARD = gnu99;
				GCC_DYNAMIC_NO_PIC = NO;
				GCC_NO_COMMON_BLOCKS = YES;
				GCC_OPTIMIZATION_LEVEL = 0;
				GCC_PREPROCESSOR_DEFINITIONS = (
					"DEBUG=1",
					"$(inherited)",
				);
				GCC_WARN_64_TO_32_BIT_CONVERSION = YES;
				GCC_WARN_ABOUT_RETURN_TYPE = YES_ERROR;
				GCC_WARN_UNDECLARED_SELECTOR = YES;
				GCC_WARN_UNINITIALIZED_AUTOS = YES_AGGRESSIVE;
				GCC_WARN_UNUSED_FUNCTION = YES;
				GCC_WARN_UNUSED_VARIABLE = YES;
				IPHONEOS_DEPLOYMENT_TARGET = 10.3;
				MTL_ENABLE_DEBUG_INFO = YES;
				ONLY_ACTIVE_ARCH = YES;
				SDKROOT = iphoneos;
				SWIFT_ACTIVE_COMPILATION_CONDITIONS = DEBUG;
				SWIFT_OPTIMIZATION_LEVEL = "-Onone";
			};
			name = Debug;
		};
		B4D805EF1F76814600940A0A /* Release */ = {
			isa = XCBuildConfiguration;
			buildSettings = {
				ALWAYS_SEARCH_USER_PATHS = NO;
				CLANG_ANALYZER_NONNULL = YES;
				CLANG_ANALYZER_NUMBER_OBJECT_CONVERSION = YES_AGGRESSIVE;
				CLANG_CXX_LANGUAGE_STANDARD = "gnu++0x";
				CLANG_CXX_LIBRARY = "libc++";
				CLANG_ENABLE_MODULES = YES;
				CLANG_ENABLE_OBJC_ARC = YES;
				CLANG_WARN_BOOL_CONVERSION = YES;
				CLANG_WARN_CONSTANT_CONVERSION = YES;
				CLANG_WARN_DIRECT_OBJC_ISA_USAGE = YES_ERROR;
				CLANG_WARN_DOCUMENTATION_COMMENTS = YES;
				CLANG_WARN_EMPTY_BODY = YES;
				CLANG_WARN_ENUM_CONVERSION = YES;
				CLANG_WARN_INFINITE_RECURSION = YES;
				CLANG_WARN_INT_CONVERSION = YES;
				CLANG_WARN_OBJC_ROOT_CLASS = YES_ERROR;
				CLANG_WARN_SUSPICIOUS_MOVE = YES;
				CLANG_WARN_UNREACHABLE_CODE = YES;
				CLANG_WARN__DUPLICATE_METHOD_MATCH = YES;
				"CODE_SIGN_IDENTITY[sdk=iphoneos*]" = "iPhone Developer";
				COPY_PHASE_STRIP = NO;
				DEBUG_INFORMATION_FORMAT = "dwarf-with-dsym";
				ENABLE_NS_ASSERTIONS = NO;
				ENABLE_STRICT_OBJC_MSGSEND = YES;
				GCC_C_LANGUAGE_STANDARD = gnu99;
				GCC_NO_COMMON_BLOCKS = YES;
				GCC_WARN_64_TO_32_BIT_CONVERSION = YES;
				GCC_WARN_ABOUT_RETURN_TYPE = YES_ERROR;
				GCC_WARN_UNDECLARED_SELECTOR = YES;
				GCC_WARN_UNINITIALIZED_AUTOS = YES_AGGRESSIVE;
				GCC_WARN_UNUSED_FUNCTION = YES;
				GCC_WARN_UNUSED_VARIABLE = YES;
				IPHONEOS_DEPLOYMENT_TARGET = 10.3;
				MTL_ENABLE_DEBUG_INFO = NO;
				SDKROOT = iphoneos;
				SWIFT_OPTIMIZATION_LEVEL = "-Owholemodule";
				VALIDATE_PRODUCT = YES;
			};
			name = Release;
		};
		B4D805F11F76814600940A0A /* Debug */ = {
			isa = XCBuildConfiguration;
			baseConfigurationReference = 04ACDE7CFD0579713053172F /* Pods-Smack.debug.xcconfig */;
			buildSettings = {
				ASSETCATALOG_COMPILER_APPICON_NAME = AppIcon;
				CLANG_ENABLE_MODULES = YES;
				DEVELOPMENT_TEAM = PA79484YHS;
				INFOPLIST_FILE = Smack/Info.plist;
				LD_RUNPATH_SEARCH_PATHS = "$(inherited) @executable_path/Frameworks";
				PRODUCT_BUNDLE_IDENTIFIER = com.tenzinsean.Smack;
				PRODUCT_NAME = "$(TARGET_NAME)";
				SWIFT_OBJC_BRIDGING_HEADER = "Smack-Bridging-Header.h";
				SWIFT_OPTIMIZATION_LEVEL = "-Onone";
				SWIFT_VERSION = 3.0;
			};
			name = Debug;
		};
		B4D805F21F76814600940A0A /* Release */ = {
			isa = XCBuildConfiguration;
			baseConfigurationReference = 1CA63C413141F1820E5F9151 /* Pods-Smack.release.xcconfig */;
			buildSettings = {
				ASSETCATALOG_COMPILER_APPICON_NAME = AppIcon;
				CLANG_ENABLE_MODULES = YES;
				DEVELOPMENT_TEAM = PA79484YHS;
				INFOPLIST_FILE = Smack/Info.plist;
				LD_RUNPATH_SEARCH_PATHS = "$(inherited) @executable_path/Frameworks";
				PRODUCT_BUNDLE_IDENTIFIER = com.tenzinsean.Smack;
				PRODUCT_NAME = "$(TARGET_NAME)";
				SWIFT_OBJC_BRIDGING_HEADER = "Smack-Bridging-Header.h";
				SWIFT_VERSION = 3.0;
			};
			name = Release;
		};
/* End XCBuildConfiguration section */

/* Begin XCConfigurationList section */
		B4D805D91F76814600940A0A /* Build configuration list for PBXProject "Smack" */ = {
			isa = XCConfigurationList;
			buildConfigurations = (
				B4D805EE1F76814600940A0A /* Debug */,
				B4D805EF1F76814600940A0A /* Release */,
			);
			defaultConfigurationIsVisible = 0;
			defaultConfigurationName = Release;
		};
		B4D805F01F76814600940A0A /* Build configuration list for PBXNativeTarget "Smack" */ = {
			isa = XCConfigurationList;
			buildConfigurations = (
				B4D805F11F76814600940A0A /* Debug */,
				B4D805F21F76814600940A0A /* Release */,
			);
			defaultConfigurationIsVisible = 0;
			defaultConfigurationName = Release;
		};
/* End XCConfigurationList section */
	};
	rootObject = B4D805D61F76814600940A0A /* Project object */;
}
